PODS:
  - AlicloudUTDID (1.5.0.90)
  - AlicloudUtils (1.3.8):
    - AlicloudUTDID
  - aliyun_emas (0.0.1):
    - EMASPushNonUT (= 1.9.9.1)
    - Flutter
  - EMASPushNonUT (1.9.9.1):
    - AlicloudUtils
  - Flutter (1.0.0)

DEPENDENCIES:
  - aliyun_emas (from `.symlinks/plugins/aliyun_emas/ios`)
  - Flutter (from `Flutter`)

SPEC REPOS:
  https://github.com/aliyun/aliyun-specs.git:
    - AlicloudUTDID
    - AlicloudUtils
    - EMASPushNonUT

EXTERNAL SOURCES:
  aliyun_emas:
    :path: ".symlinks/plugins/aliyun_emas/ios"
  Flutter:
    :path: Flutter

SPEC CHECKSUMS:
  AlicloudUTDID: 314b33cabbe33cf4b648a6789cc5cb91ba5065e4
  AlicloudUtils: 3e1106c726d4f9c80272b6e2135c561936173a10
  aliyun_emas: 0c6f99863bbabcf914b46c5110a04f486004b278
  EMASPushNonUT: 424899d3c9e1e44588296ec21347ef4e60917f18
  Flutter: 0e3d915762c693b495b44d77113d4970485de6ec

PODFILE CHECKSUM: 60feb1a742918484550764f1069817bd4b4e05af

COCOAPODS: 1.8.4
